
Microsoft Visual Studio Solution File, Format Version 12.00
# Visual Studio Version 17
VisualStudioVersion = 17.14.35821.62 d17.14
MinimumVisualStudioVersion = 10.0.40219.1
Project("{FAE04EC0-301F-11D3-BF4B-00C04F79EFBC}") = "BasicKonsolenTaschenrechner", "BasicKonsolenTaschenrechner.csproj", "{BEE2CF67-3D07-494F-B9A4-AB6FB67D8448}"
EndProject
Global
	GlobalSection(SolutionConfigurationPlatforms) = preSolution
		Debug|Any CPU = Debug|Any CPU
		Release|Any CPU = Release|Any CPU
	EndGlobalSection
	GlobalSection(ProjectConfigurationPlatforms) = postSolution
		{BEE2CF67-3D07-494F-B9A4-AB6FB67D8448}.Debug|Any CPU.ActiveCfg = Debug|Any CPU
		{BEE2CF67-3D07-494F-B9A4-AB6FB67D8448}.Debug|Any CPU.Build.0 = Debug|Any CPU
		{BEE2CF67-3D07-494F-B9A4-AB6FB67D8448}.Release|Any CPU.ActiveCfg = Release|Any CPU
		{BEE2CF67-3D07-494F-B9A4-AB6FB67D8448}.Release|Any CPU.Build.0 = Release|Any CPU
	EndGlobalSection
	GlobalSection(SolutionProperties) = preSolution
		HideSolutionNode = FALSE
	EndGlobalSection
	GlobalSection(ExtensibilityGlobals) = postSolution
		SolutionGuid = {726B3AB4-E0BC-4223-8342-4E9AE04E8FAB}
	EndGlobalSection
EndGlobal
